{
  "name": "chlo-jamz",
  "lockfileVersion": 2,
  "requires": true,
  "packages": {
    "": {
      "dependencies": {
        "bulma-start": "^0.0.5"
      }
    },
    "node_modules/bulma-start": {
      "version": "0.0.5",
      "resolved": "https://registry.npmjs.org/bulma-start/-/bulma-start-0.0.5.tgz",
      "integrity": "sha512-Sl8mdbmxa8eZJmvAfvUqQ1yptGG/kC+VvxixH3oWj1n87rpzFetotcrIs0mldD8t6Cby3Nv+hxA/2pkzDwkaBQ=="
    }
  },
  "dependencies": {
    "bulma-start": {
      "version": "0.0.5",
      "resolved": "https://registry.npmjs.org/bulma-start/-/bulma-start-0.0.5.tgz",
      "integrity": "sha512-Sl8mdbmxa8eZJmvAfvUqQ1yptGG/kC+VvxixH3oWj1n87rpzFetotcrIs0mldD8t6Cby3Nv+hxA/2pkzDwkaBQ=="
    }
  }
}
